
Microsoft Visual Studio Solution File, Format Version 12.00
# Visual Studio Version 17
VisualStudioVersion = 17.2.32602.215
MinimumVisualStudioVersion = 10.0.40219.1
Project("{FAE04EC0-301F-11D3-BF4B-00C04F79EFBC}") = "LeetCode", "LeetCode\LeetCode.csproj", "{E91A27C6-8124-4770-9658-AE5B08AFC035}"
EndProject
Project("{FAE04EC0-301F-11D3-BF4B-00C04F79EFBC}") = "LeetCodeTests", "LeetCodeTests\LeetCodeTests.csproj", "{81D4046D-6DD4-464D-939E-017AA858CC57}"
EndProject
Global
	GlobalSection(SolutionConfigurationPlatforms) = preSolution
		Debug|Any CPU = Debug|Any CPU
		Release|Any CPU = Release|Any CPU
	EndGlobalSection
	GlobalSection(ProjectConfigurationPlatforms) = postSolution
		{E91A27C6-8124-4770-9658-AE5B08AFC035}.Debug|Any CPU.ActiveCfg = Debug|Any CPU
		{E91A27C6-8124-4770-9658-AE5B08AFC035}.Debug|Any CPU.Build.0 = Debug|Any CPU
		{E91A27C6-8124-4770-9658-AE5B08AFC035}.Release|Any CPU.ActiveCfg = Release|Any CPU
		{E91A27C6-8124-4770-9658-AE5B08AFC035}.Release|Any CPU.Build.0 = Release|Any CPU
		{81D4046D-6DD4-464D-939E-017AA858CC57}.Debug|Any CPU.ActiveCfg = Debug|Any CPU
		{81D4046D-6DD4-464D-939E-017AA858CC57}.Debug|Any CPU.Build.0 = Debug|Any CPU
		{81D4046D-6DD4-464D-939E-017AA858CC57}.Release|Any CPU.ActiveCfg = Release|Any CPU
		{81D4046D-6DD4-464D-939E-017AA858CC57}.Release|Any CPU.Build.0 = Release|Any CPU
	EndGlobalSection
	GlobalSection(SolutionProperties) = preSolution
		HideSolutionNode = FALSE
	EndGlobalSection
	GlobalSection(ExtensibilityGlobals) = postSolution
		SolutionGuid = {1F862969-4FA2-4746-9B10-A9EEB0434241}
	EndGlobalSection
EndGlobal
